
Microsoft Visual Studio Solution File, Format Version 12.00
# Visual Studio 15
VisualStudioVersion = 15.0.25920.0
MinimumVisualStudioVersion = 10.0.40219.1
Project("{FAE04EC0-301F-11D3-BF4B-00C04F79EFBC}") = "Inuplan.WebAPI", "Inuplan.WebAPI\Inuplan.WebAPI.csproj", "{98FBCC8F-9531-4EF1-BF71-7923ECA8EB12}"
EndProject
Project("{FAE04EC0-301F-11D3-BF4B-00C04F79EFBC}") = "Inuplan.DAL", "Inuplan.DAL\Inuplan.DAL.csproj", "{1E2FDE8F-EE89-4B2A-B7C9-D84D80847C14}"
EndProject
Project("{FAE04EC0-301F-11D3-BF4B-00C04F79EFBC}") = "Inuplan.Common", "Inuplan.Common\Inuplan.Common.csproj", "{00DB2518-EAEE-4F5D-AED6-8CF7F64E5C24}"
EndProject
Project("{FAE04EC0-301F-11D3-BF4B-00C04F79EFBC}") = "Inuplan.Intranet.Core", "Inuplan.Intranet.Core\Inuplan.Intranet.Core.csproj", "{FD946844-5A27-402E-9F71-469C653D28F6}"
EndProject
Project("{00D1A9C2-B5F0-4AF3-8072-F6C62B433612}") = "Inuplan.IntranetDB", "Inuplan.IntranetDB\Inuplan.IntranetDB.sqlproj", "{9B1EDF10-927D-4E6E-AE49-33600EFF804F}"
EndProject
Project("{FAE04EC0-301F-11D3-BF4B-00C04F79EFBC}") = "Inuplan.Intranet", "Inuplan.Intranet\Inuplan.Intranet.csproj", "{554C055E-F681-4405-8F13-6DD80C97043A}"
EndProject
Global
	GlobalSection(SolutionConfigurationPlatforms) = preSolution
		Debug|Any CPU = Debug|Any CPU
		Release|Any CPU = Release|Any CPU
	EndGlobalSection
	GlobalSection(ProjectConfigurationPlatforms) = postSolution
		{98FBCC8F-9531-4EF1-BF71-7923ECA8EB12}.Debug|Any CPU.ActiveCfg = Debug|Any CPU
		{98FBCC8F-9531-4EF1-BF71-7923ECA8EB12}.Debug|Any CPU.Build.0 = Debug|Any CPU
		{98FBCC8F-9531-4EF1-BF71-7923ECA8EB12}.Release|Any CPU.ActiveCfg = Release|Any CPU
		{98FBCC8F-9531-4EF1-BF71-7923ECA8EB12}.Release|Any CPU.Build.0 = Release|Any CPU
		{1E2FDE8F-EE89-4B2A-B7C9-D84D80847C14}.Debug|Any CPU.ActiveCfg = Debug|Any CPU
		{1E2FDE8F-EE89-4B2A-B7C9-D84D80847C14}.Debug|Any CPU.Build.0 = Debug|Any CPU
		{1E2FDE8F-EE89-4B2A-B7C9-D84D80847C14}.Release|Any CPU.ActiveCfg = Release|Any CPU
		{1E2FDE8F-EE89-4B2A-B7C9-D84D80847C14}.Release|Any CPU.Build.0 = Release|Any CPU
		{00DB2518-EAEE-4F5D-AED6-8CF7F64E5C24}.Debug|Any CPU.ActiveCfg = Debug|Any CPU
		{00DB2518-EAEE-4F5D-AED6-8CF7F64E5C24}.Debug|Any CPU.Build.0 = Debug|Any CPU
		{00DB2518-EAEE-4F5D-AED6-8CF7F64E5C24}.Release|Any CPU.ActiveCfg = Release|Any CPU
		{00DB2518-EAEE-4F5D-AED6-8CF7F64E5C24}.Release|Any CPU.Build.0 = Release|Any CPU
		{FD946844-5A27-402E-9F71-469C653D28F6}.Debug|Any CPU.ActiveCfg = Release|Any CPU
		{FD946844-5A27-402E-9F71-469C653D28F6}.Debug|Any CPU.Build.0 = Release|Any CPU
		{FD946844-5A27-402E-9F71-469C653D28F6}.Release|Any CPU.ActiveCfg = Release|Any CPU
		{FD946844-5A27-402E-9F71-469C653D28F6}.Release|Any CPU.Build.0 = Release|Any CPU
		{9B1EDF10-927D-4E6E-AE49-33600EFF804F}.Debug|Any CPU.ActiveCfg = Debug|Any CPU
		{9B1EDF10-927D-4E6E-AE49-33600EFF804F}.Debug|Any CPU.Build.0 = Debug|Any CPU
		{9B1EDF10-927D-4E6E-AE49-33600EFF804F}.Debug|Any CPU.Deploy.0 = Debug|Any CPU
		{9B1EDF10-927D-4E6E-AE49-33600EFF804F}.Release|Any CPU.ActiveCfg = Release|Any CPU
		{9B1EDF10-927D-4E6E-AE49-33600EFF804F}.Release|Any CPU.Build.0 = Release|Any CPU
		{9B1EDF10-927D-4E6E-AE49-33600EFF804F}.Release|Any CPU.Deploy.0 = Release|Any CPU
		{554C055E-F681-4405-8F13-6DD80C97043A}.Debug|Any CPU.ActiveCfg = Debug|Any CPU
		{554C055E-F681-4405-8F13-6DD80C97043A}.Debug|Any CPU.Build.0 = Debug|Any CPU
		{554C055E-F681-4405-8F13-6DD80C97043A}.Release|Any CPU.ActiveCfg = Release|Any CPU
		{554C055E-F681-4405-8F13-6DD80C97043A}.Release|Any CPU.Build.0 = Release|Any CPU
	EndGlobalSection
	GlobalSection(SolutionProperties) = preSolution
		HideSolutionNode = FALSE
	EndGlobalSection
	GlobalSection(MonoDevelopProperties) = preSolution
		StartupItem = Inuplan.WebAPI\Inuplan.WebAPI.csproj
	EndGlobalSection
EndGlobal
